// !$*UTF8*$!
{
	archiveVersion = 1;
	classes = {
	};
	objectVersion = 50;
	objects = {

/* Begin PBXBuildFile section */
		0253875724237BC900DA0AA7 /* AppDelegate.swift in Sources */ = {isa = PBXBuildFile; fileRef = 0253875624237BC900DA0AA7 /* AppDelegate.swift */; };
		0253875924237BC900DA0AA7 /* SceneDelegate.swift in Sources */ = {isa = PBXBuildFile; fileRef = 0253875824237BC900DA0AA7 /* SceneDelegate.swift */; };
		0253876024237BC900DA0AA7 /* Main.storyboard in Resources */ = {isa = PBXBuildFile; fileRef = 0253875E24237BC900DA0AA7 /* Main.storyboard */; };
		0253876224237BCB00DA0AA7 /* Assets.xcassets in Resources */ = {isa = PBXBuildFile; fileRef = 0253876124237BCB00DA0AA7 /* Assets.xcassets */; };
		0253876524237BCB00DA0AA7 /* LaunchScreen.storyboard in Resources */ = {isa = PBXBuildFile; fileRef = 0253876324237BCB00DA0AA7 /* LaunchScreen.storyboard */; };
		0253877124237F2D00DA0AA7 /* GPAViewController.swift in Sources */ = {isa = PBXBuildFile; fileRef = 0253877024237F2D00DA0AA7 /* GPAViewController.swift */; };
		0253877324237F3800DA0AA7 /* CGPAViewController.swift in Sources */ = {isa = PBXBuildFile; fileRef = 0253877224237F3800DA0AA7 /* CGPAViewController.swift */; };
		0253877524237F4100DA0AA7 /* NinePointerViewController.swift in Sources */ = {isa = PBXBuildFile; fileRef = 0253877424237F4100DA0AA7 /* NinePointerViewController.swift */; };
		025387792423B33500DA0AA7 /* iOSDropDown.swift in Sources */ = {isa = PBXBuildFile; fileRef = 025387782423B33500DA0AA7 /* iOSDropDown.swift */; };
		0253877E2423C61F00DA0AA7 /* ExtensionsViewController.swift in Sources */ = {isa = PBXBuildFile; fileRef = 0253877D2423C61F00DA0AA7 /* ExtensionsViewController.swift */; };
		02688599242FBC9A006B4883 /* AboutViewController.swift in Sources */ = {isa = PBXBuildFile; fileRef = 02688598242FBC9A006B4883 /* AboutViewController.swift */; };
		026A475B24339415006DFBCD /* Sen-Bold.ttf in Resources */ = {isa = PBXBuildFile; fileRef = 026A475824339414006DFBCD /* Sen-Bold.ttf */; };
		026A475C24339415006DFBCD /* Sen-ExtraBold.ttf in Resources */ = {isa = PBXBuildFile; fileRef = 026A475924339414006DFBCD /* Sen-ExtraBold.ttf */; };
		026A475D24339415006DFBCD /* Sen-Regular.ttf in Resources */ = {isa = PBXBuildFile; fileRef = 026A475A24339414006DFBCD /* Sen-Regular.ttf */; };
		02A335142428022700266EA8 /* CourseTotalViewController.swift in Sources */ = {isa = PBXBuildFile; fileRef = 02A335132428022700266EA8 /* CourseTotalViewController.swift */; };
		02AC37C624296317005EEEE0 /* FloatLabelTextField.swift in Sources */ = {isa = PBXBuildFile; fileRef = 02AC37C524296317005EEEE0 /* FloatLabelTextField.swift */; };
		02E8725F2438CF6200EDE704 /* BigShouldersText-ExtraBold.ttf in Resources */ = {isa = PBXBuildFile; fileRef = 02E8725B2438CF6200EDE704 /* BigShouldersText-ExtraBold.ttf */; };
		02E872602438CF6200EDE704 /* BigShouldersText-Bold.ttf in Resources */ = {isa = PBXBuildFile; fileRef = 02E8725C2438CF6200EDE704 /* BigShouldersText-Bold.ttf */; };
		02E872612438CF6200EDE704 /* BigShouldersText-Black.ttf in Resources */ = {isa = PBXBuildFile; fileRef = 02E8725D2438CF6200EDE704 /* BigShouldersText-Black.ttf */; };
		02E872622438CF6200EDE704 /* BigShouldersText-SemiBold.ttf in Resources */ = {isa = PBXBuildFile; fileRef = 02E8725E2438CF6200EDE704 /* BigShouldersText-SemiBold.ttf */; };
/* End PBXBuildFile section */

/* Begin PBXFileReference section */
		0253875324237BC900DA0AA7 /* VIT Grade Guru.app */ = {isa = PBXFileReference; explicitFileType = wrapper.application; includeInIndex = 0; path = "VIT Grade Guru.app"; sourceTree = BUILT_PRODUCTS_DIR; };
		0253875624237BC900DA0AA7 /* AppDelegate.swift */ = {isa = PBXFileReference; lastKnownFileType = sourcecode.swift; path = AppDelegate.swift; sourceTree = "<group>"; };
		0253875824237BC900DA0AA7 /* SceneDelegate.swift */ = {isa = PBXFileReference; lastKnownFileType = sourcecode.swift; path = SceneDelegate.swift; sourceTree = "<group>"; };
		0253875F24237BC900DA0AA7 /* Base */ = {isa = PBXFileReference; lastKnownFileType = file.storyboard; name = Base; path = Base.lproj/Main.storyboard; sourceTree = "<group>"; };
		0253876124237BCB00DA0AA7 /* Assets.xcassets */ = {isa = PBXFileReference; lastKnownFileType = folder.assetcatalog; path = Assets.xcassets; sourceTree = "<group>"; };
		0253876424237BCB00DA0AA7 /* Base */ = {isa = PBXFileReference; lastKnownFileType = file.storyboard; name = Base; path = Base.lproj/LaunchScreen.storyboard; sourceTree = "<group>"; };
		0253876624237BCB00DA0AA7 /* Info.plist */ = {isa = PBXFileReference; lastKnownFileType = text.plist.xml; path = Info.plist; sourceTree = "<group>"; };
		0253877024237F2D00DA0AA7 /* GPAViewController.swift */ = {isa = PBXFileReference; lastKnownFileType = sourcecode.swift; path = GPAViewController.swift; sourceTree = "<group>"; };
		0253877224237F3800DA0AA7 /* CGPAViewController.swift */ = {isa = PBXFileReference; lastKnownFileType = sourcecode.swift; path = CGPAViewController.swift; sourceTree = "<group>"; };
		0253877424237F4100DA0AA7 /* NinePointerViewController.swift */ = {isa = PBXFileReference; lastKnownFileType = sourcecode.swift; path = NinePointerViewController.swift; sourceTree = "<group>"; };
		025387782423B33500DA0AA7 /* iOSDropDown.swift */ = {isa = PBXFileReference; fileEncoding = 4; lastKnownFileType = sourcecode.swift; path = iOSDropDown.swift; sourceTree = "<group>"; };
		0253877D2423C61F00DA0AA7 /* ExtensionsViewController.swift */ = {isa = PBXFileReference; lastKnownFileType = sourcecode.swift; path = ExtensionsViewController.swift; sourceTree = "<group>"; };
		02688598242FBC9A006B4883 /* AboutViewController.swift */ = {isa = PBXFileReference; lastKnownFileType = sourcecode.swift; path = AboutViewController.swift; sourceTree = "<group>"; };
		026A475824339414006DFBCD /* Sen-Bold.ttf */ = {isa = PBXFileReference; lastKnownFileType = file; path = "Sen-Bold.ttf"; sourceTree = "<group>"; };
		026A475924339414006DFBCD /* Sen-ExtraBold.ttf */ = {isa = PBXFileReference; lastKnownFileType = file; path = "Sen-ExtraBold.ttf"; sourceTree = "<group>"; };
		026A475A24339414006DFBCD /* Sen-Regular.ttf */ = {isa = PBXFileReference; lastKnownFileType = file; path = "Sen-Regular.ttf"; sourceTree = "<group>"; };
		02A335132428022700266EA8 /* CourseTotalViewController.swift */ = {isa = PBXFileReference; lastKnownFileType = sourcecode.swift; path = CourseTotalViewController.swift; sourceTree = "<group>"; };
		02AC37C524296317005EEEE0 /* FloatLabelTextField.swift */ = {isa = PBXFileReference; fileEncoding = 4; lastKnownFileType = sourcecode.swift; path = FloatLabelTextField.swift; sourceTree = "<group>"; };
		02E8725B2438CF6200EDE704 /* BigShouldersText-ExtraBold.ttf */ = {isa = PBXFileReference; lastKnownFileType = file; path = "BigShouldersText-ExtraBold.ttf"; sourceTree = "<group>"; };
		02E8725C2438CF6200EDE704 /* BigShouldersText-Bold.ttf */ = {isa = PBXFileReference; lastKnownFileType = file; path = "BigShouldersText-Bold.ttf"; sourceTree = "<group>"; };
		02E8725D2438CF6200EDE704 /* BigShouldersText-Black.ttf */ = {isa = PBXFileReference; lastKnownFileType = file; path = "BigShouldersText-Black.ttf"; sourceTree = "<group>"; };
		02E8725E2438CF6200EDE704 /* BigShouldersText-SemiBold.ttf */ = {isa = PBXFileReference; lastKnownFileType = file; path = "BigShouldersText-SemiBold.ttf"; sourceTree = "<group>"; };
/* End PBXFileReference section */

/* Begin PBXFrameworksBuildPhase section */
		0253875024237BC800DA0AA7 /* Frameworks */ = {
			isa = PBXFrameworksBuildPhase;
			buildActionMask = 2147483647;
			files = (
			);
			runOnlyForDeploymentPostprocessing = 0;
		};
/* End PBXFrameworksBuildPhase section */

/* Begin PBXGroup section */
		0253874A24237BC800DA0AA7 = {
			isa = PBXGroup;
			children = (
				026A473D243382E4006DFBCD /* Fonts */,
				0253875524237BC900DA0AA7 /* VIT Grade Guru */,
				0253875424237BC900DA0AA7 /* Products */,
			);
			sourceTree = "<group>";
		};
		0253875424237BC900DA0AA7 /* Products */ = {
			isa = PBXGroup;
			children = (
				0253875324237BC900DA0AA7 /* VIT Grade Guru.app */,
			);
			name = Products;
			sourceTree = "<group>";
		};
		0253875524237BC900DA0AA7 /* VIT Grade Guru */ = {
			isa = PBXGroup;
			children = (
				0253875624237BC900DA0AA7 /* AppDelegate.swift */,
				0253875824237BC900DA0AA7 /* SceneDelegate.swift */,
				0253876324237BCB00DA0AA7 /* LaunchScreen.storyboard */,
				0253875E24237BC900DA0AA7 /* Main.storyboard */,
				0253876124237BCB00DA0AA7 /* Assets.xcassets */,
				02A335132428022700266EA8 /* CourseTotalViewController.swift */,
				0253877024237F2D00DA0AA7 /* GPAViewController.swift */,
				025387782423B33500DA0AA7 /* iOSDropDown.swift */,
				0253877224237F3800DA0AA7 /* CGPAViewController.swift */,
				02AC37C524296317005EEEE0 /* FloatLabelTextField.swift */,
				0253877424237F4100DA0AA7 /* NinePointerViewController.swift */,
				02688598242FBC9A006B4883 /* AboutViewController.swift */,
				0253877D2423C61F00DA0AA7 /* ExtensionsViewController.swift */,
				0253876624237BCB00DA0AA7 /* Info.plist */,
			);
			path = "VIT Grade Guru";
			sourceTree = "<group>";
		};
		026A473D243382E4006DFBCD /* Fonts */ = {
			isa = PBXGroup;
			children = (
				026A475824339414006DFBCD /* Sen-Bold.ttf */,
				026A475924339414006DFBCD /* Sen-ExtraBold.ttf */,
				026A475A24339414006DFBCD /* Sen-Regular.ttf */,
				02E8725D2438CF6200EDE704 /* BigShouldersText-Black.ttf */,
				02E8725C2438CF6200EDE704 /* BigShouldersText-Bold.ttf */,
				02E8725B2438CF6200EDE704 /* BigShouldersText-ExtraBold.ttf */,
				02E8725E2438CF6200EDE704 /* BigShouldersText-SemiBold.ttf */,
			);
			path = Fonts;
			sourceTree = "<group>";
		};
/* End PBXGroup section */

/* Begin PBXNativeTarget section */
		0253875224237BC800DA0AA7 /* VIT Grade Guru */ = {
			isa = PBXNativeTarget;
			buildConfigurationList = 0253876924237BCB00DA0AA7 /* Build configuration list for PBXNativeTarget "VIT Grade Guru" */;
			buildPhases = (
				0253874F24237BC800DA0AA7 /* Sources */,
				0253875024237BC800DA0AA7 /* Frameworks */,
				0253875124237BC800DA0AA7 /* Resources */,
			);
			buildRules = (
			);
			dependencies = (
			);
			name = "VIT Grade Guru";
			productName = "VIT Grade Guru";
			productReference = 0253875324237BC900DA0AA7 /* VIT Grade Guru.app */;
			productType = "com.apple.product-type.application";
		};
/* End PBXNativeTarget section */

/* Begin PBXProject section */
		0253874B24237BC800DA0AA7 /* Project object */ = {
			isa = PBXProject;
			attributes = {
				LastSwiftUpdateCheck = 1130;
				LastUpgradeCheck = 1130;
				ORGANIZATIONNAME = "Likhit Garimella";
				TargetAttributes = {
					0253875224237BC800DA0AA7 = {
						CreatedOnToolsVersion = 11.3;
						LastSwiftMigration = 1140;
					};
				};
			};
			buildConfigurationList = 0253874E24237BC800DA0AA7 /* Build configuration list for PBXProject "VIT Grade Guru" */;
			compatibilityVersion = "Xcode 9.3";
			developmentRegion = en;
			hasScannedForEncodings = 0;
			knownRegions = (
				en,
				Base,
			);
			mainGroup = 0253874A24237BC800DA0AA7;
			productRefGroup = 0253875424237BC900DA0AA7 /* Products */;
			projectDirPath = "";
			projectRoot = "";
			targets = (
				0253875224237BC800DA0AA7 /* VIT Grade Guru */,
			);
		};
/* End PBXProject section */

/* Begin PBXResourcesBuildPhase section */
		0253875124237BC800DA0AA7 /* Resources */ = {
			isa = PBXResourcesBuildPhase;
			buildActionMask = 2147483647;
			files = (
				02E872612438CF6200EDE704 /* BigShouldersText-Black.ttf in Resources */,
				026A475D24339415006DFBCD /* Sen-Regular.ttf in Resources */,
				02E8725F2438CF6200EDE704 /* BigShouldersText-ExtraBold.ttf in Resources */,
				0253876524237BCB00DA0AA7 /* LaunchScreen.storyboard in Resources */,
				02E872602438CF6200EDE704 /* BigShouldersText-Bold.ttf in Resources */,
				02E872622438CF6200EDE704 /* BigShouldersText-SemiBold.ttf in Resources */,
				026A475C24339415006DFBCD /* Sen-ExtraBold.ttf in Resources */,
				0253876224237BCB00DA0AA7 /* Assets.xcassets in Resources */,
				0253876024237BC900DA0AA7 /* Main.storyboard in Resources */,
				026A475B24339415006DFBCD /* Sen-Bold.ttf in Resources */,
			);
			runOnlyForDeploymentPostprocessing = 0;
		};
/* End PBXResourcesBuildPhase section */

/* Begin PBXSourcesBuildPhase section */
		0253874F24237BC800DA0AA7 /* Sources */ = {
			isa = PBXSourcesBuildPhase;
			buildActionMask = 2147483647;
			files = (
				0253877E2423C61F00DA0AA7 /* ExtensionsViewController.swift in Sources */,
				025387792423B33500DA0AA7 /* iOSDropDown.swift in Sources */,
				02AC37C624296317005EEEE0 /* FloatLabelTextField.swift in Sources */,
				0253877324237F3800DA0AA7 /* CGPAViewController.swift in Sources */,
				0253877124237F2D00DA0AA7 /* GPAViewController.swift in Sources */,
				0253877524237F4100DA0AA7 /* NinePointerViewController.swift in Sources */,
				0253875724237BC900DA0AA7 /* AppDelegate.swift in Sources */,
				02A335142428022700266EA8 /* CourseTotalViewController.swift in Sources */,
				02688599242FBC9A006B4883 /* AboutViewController.swift in Sources */,
				0253875924237BC900DA0AA7 /* SceneDelegate.swift in Sources */,
			);
			runOnlyForDeploymentPostprocessing = 0;
		};
/* End PBXSourcesBuildPhase section */

/* Begin PBXVariantGroup section */
		0253875E24237BC900DA0AA7 /* Main.storyboard */ = {
			isa = PBXVariantGroup;
			children = (
				0253875F24237BC900DA0AA7 /* Base */,
			);
			name = Main.storyboard;
			sourceTree = "<group>";
		};
		0253876324237BCB00DA0AA7 /* LaunchScreen.storyboard */ = {
			isa = PBXVariantGroup;
			children = (
				0253876424237BCB00DA0AA7 /* Base */,
			);
			name = LaunchScreen.storyboard;
			sourceTree = "<group>";
		};
/* End PBXVariantGroup section */

/* Begin XCBuildConfiguration section */
		0253876724237BCB00DA0AA7 /* Debug */ = {
			isa = XCBuildConfiguration;
			buildSettings = {
				ALWAYS_SEARCH_USER_PATHS = NO;
				CLANG_ANALYZER_NONNULL = YES;
				CLANG_ANALYZER_NUMBER_OBJECT_CONVERSION = YES_AGGRESSIVE;
				CLANG_CXX_LANGUAGE_STANDARD = "gnu++14";
				CLANG_CXX_LIBRARY = "libc++";
				CLANG_ENABLE_MODULES = YES;
				CLANG_ENABLE_OBJC_ARC = YES;
				CLANG_ENABLE_OBJC_WEAK = YES;
				CLANG_WARN_BLOCK_CAPTURE_AUTORELEASING = YES;
				CLANG_WARN_BOOL_CONVERSION = YES;
				CLANG_WARN_COMMA = YES;
				CLANG_WARN_CONSTANT_CONVERSION = YES;
				CLANG_WARN_DEPRECATED_OBJC_IMPLEMENTATIONS = YES;
				CLANG_WARN_DIRECT_OBJC_ISA_USAGE = YES_ERROR;
				CLANG_WARN_DOCUMENTATION_COMMENTS = YES;
				CLANG_WARN_EMPTY_BODY = YES;
				CLANG_WARN_ENUM_CONVERSION = YES;
				CLANG_WARN_INFINITE_RECURSION = YES;
				CLANG_WARN_INT_CONVERSION = YES;
				CLANG_WARN_NON_LITERAL_NULL_CONVERSION = YES;
				CLANG_WARN_OBJC_IMPLICIT_RETAIN_SELF = YES;
				CLANG_WARN_OBJC_LITERAL_CONVERSION = YES;
				CLANG_WARN_OBJC_ROOT_CLASS = YES_ERROR;
				CLANG_WARN_RANGE_LOOP_ANALYSIS = YES;
				CLANG_WARN_STRICT_PROTOTYPES = YES;
				CLANG_WARN_SUSPICIOUS_MOVE = YES;
				CLANG_WARN_UNGUARDED_AVAILABILITY = YES_AGGRESSIVE;
				CLANG_WARN_UNREACHABLE_CODE = YES;
				CLANG_WARN__DUPLICATE_METHOD_MATCH = YES;
				COPY_PHASE_STRIP = NO;
				DEBUG_INFORMATION_FORMAT = dwarf;
				ENABLE_STRICT_OBJC_MSGSEND = YES;
				ENABLE_TESTABILITY = YES;
				GCC_C_LANGUAGE_STANDARD = gnu11;
				GCC_DYNAMIC_NO_PIC = NO;
				GCC_NO_COMMON_BLOCKS = YES;
				GCC_OPTIMIZATION_LEVEL = 0;
				GCC_PREPROCESSOR_DEFINITIONS = (
					"DEBUG=1",
					"$(inherited)",
				);
				GCC_WARN_64_TO_32_BIT_CONVERSION = YES;
				GCC_WARN_ABOUT_RETURN_TYPE = YES_ERROR;
				GCC_WARN_UNDECLARED_SELECTOR = YES;
				GCC_WARN_UNINITIALIZED_AUTOS = YES_AGGRESSIVE;
				GCC_WARN_UNUSED_FUNCTION = YES;
				GCC_WARN_UNUSED_VARIABLE = YES;
				IPHONEOS_DEPLOYMENT_TARGET = 13.2;
				MTL_ENABLE_DEBUG_INFO = INCLUDE_SOURCE;
				MTL_FAST_MATH = YES;
				ONLY_ACTIVE_ARCH = YES;
				SDKROOT = iphoneos;
				SWIFT_ACTIVE_COMPILATION_CONDITIONS = DEBUG;
				SWIFT_OPTIMIZATION_LEVEL = "-Onone";
			};
			name = Debug;
		};
		0253876824237BCB00DA0AA7 /* Release */ = {
			isa = XCBuildConfiguration;
			buildSettings = {
				ALWAYS_SEARCH_USER_PATHS = NO;
				CLANG_ANALYZER_NONNULL = YES;
				CLANG_ANALYZER_NUMBER_OBJECT_CONVERSION = YES_AGGRESSIVE;
				CLANG_CXX_LANGUAGE_STANDARD = "gnu++14";
				CLANG_CXX_LIBRARY = "libc++";
				CLANG_ENABLE_MODULES = YES;
				CLANG_ENABLE_OBJC_ARC = YES;
				CLANG_ENABLE_OBJC_WEAK = YES;
				CLANG_WARN_BLOCK_CAPTURE_AUTORELEASING = YES;
				CLANG_WARN_BOOL_CONVERSION = YES;
				CLANG_WARN_COMMA = YES;
				CLANG_WARN_CONSTANT_CONVERSION = YES;
				CLANG_WARN_DEPRECATED_OBJC_IMPLEMENTATIONS = YES;
				CLANG_WARN_DIRECT_OBJC_ISA_USAGE = YES_ERROR;
				CLANG_WARN_DOCUMENTATION_COMMENTS = YES;
				CLANG_WARN_EMPTY_BODY = YES;
				CLANG_WARN_ENUM_CONVERSION = YES;
				CLANG_WARN_INFINITE_RECURSION = YES;
				CLANG_WARN_INT_CONVERSION = YES;
				CLANG_WARN_NON_LITERAL_NULL_CONVERSION = YES;
				CLANG_WARN_OBJC_IMPLICIT_RETAIN_SELF = YES;
				CLANG_WARN_OBJC_LITERAL_CONVERSION = YES;
				CLANG_WARN_OBJC_ROOT_CLASS = YES_ERROR;
				CLANG_WARN_RANGE_LOOP_ANALYSIS = YES;
				CLANG_WARN_STRICT_PROTOTYPES = YES;
				CLANG_WARN_SUSPICIOUS_MOVE = YES;
				CLANG_WARN_UNGUARDED_AVAILABILITY = YES_AGGRESSIVE;
				CLANG_WARN_UNREACHABLE_CODE = YES;
				CLANG_WARN__DUPLICATE_METHOD_MATCH = YES;
				COPY_PHASE_STRIP = NO;
				DEBUG_INFORMATION_FORMAT = "dwarf-with-dsym";
				ENABLE_NS_ASSERTIONS = NO;
				ENABLE_STRICT_OBJC_MSGSEND = YES;
				GCC_C_LANGUAGE_STANDARD = gnu11;
				GCC_NO_COMMON_BLOCKS = YES;
				GCC_WARN_64_TO_32_BIT_CONVERSION = YES;
				GCC_WARN_ABOUT_RETURN_TYPE = YES_ERROR;
				GCC_WARN_UNDECLARED_SELECTOR = YES;
				GCC_WARN_UNINITIALIZED_AUTOS = YES_AGGRESSIVE;
				GCC_WARN_UNUSED_FUNCTION = YES;
				GCC_WARN_UNUSED_VARIABLE = YES;
				IPHONEOS_DEPLOYMENT_TARGET = 13.2;
				MTL_ENABLE_DEBUG_INFO = NO;
				MTL_FAST_MATH = YES;
				SDKROOT = iphoneos;
				SWIFT_COMPILATION_MODE = wholemodule;
				SWIFT_OPTIMIZATION_LEVEL = "-O";
				VALIDATE_PRODUCT = YES;
			};
			name = Release;
		};
		0253876A24237BCB00DA0AA7 /* Debug */ = {
			isa = XCBuildConfiguration;
			buildSettings = {
				ASSETCATALOG_COMPILER_APPICON_NAME = AppIcon;
				CLANG_ENABLE_MODULES = YES;
				CODE_SIGN_STYLE = Automatic;
				CURRENT_PROJECT_VERSION = 4;
				DEVELOPMENT_TEAM = 77BWS8985H;
				INFOPLIST_FILE = "VIT Grade Guru/Info.plist";
				IPHONEOS_DEPLOYMENT_TARGET = 11.0;
				LD_RUNPATH_SEARCH_PATHS = (
					"$(inherited)",
					"@executable_path/Frameworks",
				);
				MARKETING_VERSION = 3.1;
				PRODUCT_BUNDLE_IDENTIFIER = "com.likhitgarimella.VIT-Grade-Guru-3";
				PRODUCT_NAME = "$(TARGET_NAME)";
				SWIFT_OPTIMIZATION_LEVEL = "-Onone";
				SWIFT_VERSION = 5.0;
				TARGETED_DEVICE_FAMILY = 1;
			};
			name = Debug;
		};
		0253876B24237BCB00DA0AA7 /* Release */ = {
			isa = XCBuildConfiguration;
			buildSettings = {
				ASSETCATALOG_COMPILER_APPICON_NAME = AppIcon;
				CLANG_ENABLE_MODULES = YES;
				CODE_SIGN_STYLE = Automatic;
				CURRENT_PROJECT_VERSION = 4;
				DEVELOPMENT_TEAM = 77BWS8985H;
				INFOPLIST_FILE = "VIT Grade Guru/Info.plist";
				IPHONEOS_DEPLOYMENT_TARGET = 11.0;
				LD_RUNPATH_SEARCH_PATHS = (
					"$(inherited)",
					"@executable_path/Frameworks",
				);
				MARKETING_VERSION = 3.1;
				PRODUCT_BUNDLE_IDENTIFIER = "com.likhitgarimella.VIT-Grade-Guru-3";
				PRODUCT_NAME = "$(TARGET_NAME)";
				SWIFT_VERSION = 5.0;
				TARGETED_DEVICE_FAMILY = 1;
			};
			name = Release;
		};
/* End XCBuildConfiguration section */

/* Begin XCConfigurationList section */
		0253874E24237BC800DA0AA7 /* Build configuration list for PBXProject "VIT Grade Guru" */ = {
			isa = XCConfigurationList;
			buildConfigurations = (
				0253876724237BCB00DA0AA7 /* Debug */,
				0253876824237BCB00DA0AA7 /* Release */,
			);
			defaultConfigurationIsVisible = 0;
			defaultConfigurationName = Release;
		};
		0253876924237BCB00DA0AA7 /* Build configuration list for PBXNativeTarget "VIT Grade Guru" */ = {
			isa = XCConfigurationList;
			buildConfigurations = (
				0253876A24237BCB00DA0AA7 /* Debug */,
				0253876B24237BCB00DA0AA7 /* Release */,
			);
			defaultConfigurationIsVisible = 0;
			defaultConfigurationName = Release;
		};
/* End XCConfigurationList section */
	};
	rootObject = 0253874B24237BC800DA0AA7 /* Project object */;
}
